
Microsoft Visual Studio Solution File, Format Version 12.00
# Visual Studio Version 16
VisualStudioVersion = 16.0.31424.327
MinimumVisualStudioVersion = 10.0.40219.1
Project("{9A19103F-16F7-4668-BE54-9A1E7A4F7556}") = "CommonTypes", "Abaku\CommonTypes.csproj", "{F9CF2E7F-7FAF-4B7A-8ADC-A7966D52717D}"
EndProject
Project("{9A19103F-16F7-4668-BE54-9A1E7A4F7556}") = "BoardController", "BoardController\BoardController.csproj", "{E641E813-0F27-4C15-A22E-CADA298F023D}"
EndProject
Project("{9A19103F-16F7-4668-BE54-9A1E7A4F7556}") = "Validation", "Validation\Validation.csproj", "{9EB41D89-7A5C-49DD-B4A5-69A2FE003EE6}"
EndProject
Project("{9A19103F-16F7-4668-BE54-9A1E7A4F7556}") = "Evaluation", "Evaluation\Evaluation.csproj", "{88E695A1-B9D1-48C4-B703-6C2CC90BE9D5}"
EndProject
Project("{9A19103F-16F7-4668-BE54-9A1E7A4F7556}") = "OperationsManaging", "OperationsManaging\OperationsManaging.csproj", "{B64DC8AB-B730-46B0-B480-5EC25A823FD6}"
EndProject
Project("{9A19103F-16F7-4668-BE54-9A1E7A4F7556}") = "BoardManaging", "BoardManaging\BoardManaging.csproj", "{34CFA25C-6F98-447D-A07D-A3003FC11127}"
EndProject
Project("{9A19103F-16F7-4668-BE54-9A1E7A4F7556}") = "Optimizing", "Optimizing\Optimizing.csproj", "{F2A72270-70E9-4471-93C8-AB78500E3A93}"
EndProject
Project("{9A19103F-16F7-4668-BE54-9A1E7A4F7556}") = "Extensions", "Extensions\Extensions.csproj", "{948CE076-59D0-408F-A792-1ABF27959390}"
EndProject
Project("{FAE04EC0-301F-11D3-BF4B-00C04F79EFBC}") = "OperationManagingConsoleTests", "OperationManagingConsoleTests\OperationManagingConsoleTests.csproj", "{A9C3A151-FFAB-4F55-9379-69EE5E79FE44}"
EndProject
Global
	GlobalSection(SolutionConfigurationPlatforms) = preSolution
		Debug|Any CPU = Debug|Any CPU
		Release|Any CPU = Release|Any CPU
	EndGlobalSection
	GlobalSection(ProjectConfigurationPlatforms) = postSolution
		{F9CF2E7F-7FAF-4B7A-8ADC-A7966D52717D}.Debug|Any CPU.ActiveCfg = Debug|Any CPU
		{F9CF2E7F-7FAF-4B7A-8ADC-A7966D52717D}.Debug|Any CPU.Build.0 = Debug|Any CPU
		{F9CF2E7F-7FAF-4B7A-8ADC-A7966D52717D}.Release|Any CPU.ActiveCfg = Release|Any CPU
		{F9CF2E7F-7FAF-4B7A-8ADC-A7966D52717D}.Release|Any CPU.Build.0 = Release|Any CPU
		{E641E813-0F27-4C15-A22E-CADA298F023D}.Debug|Any CPU.ActiveCfg = Debug|Any CPU
		{E641E813-0F27-4C15-A22E-CADA298F023D}.Debug|Any CPU.Build.0 = Debug|Any CPU
		{E641E813-0F27-4C15-A22E-CADA298F023D}.Release|Any CPU.ActiveCfg = Release|Any CPU
		{E641E813-0F27-4C15-A22E-CADA298F023D}.Release|Any CPU.Build.0 = Release|Any CPU
		{9EB41D89-7A5C-49DD-B4A5-69A2FE003EE6}.Debug|Any CPU.ActiveCfg = Debug|Any CPU
		{9EB41D89-7A5C-49DD-B4A5-69A2FE003EE6}.Debug|Any CPU.Build.0 = Debug|Any CPU
		{9EB41D89-7A5C-49DD-B4A5-69A2FE003EE6}.Release|Any CPU.ActiveCfg = Release|Any CPU
		{9EB41D89-7A5C-49DD-B4A5-69A2FE003EE6}.Release|Any CPU.Build.0 = Release|Any CPU
		{88E695A1-B9D1-48C4-B703-6C2CC90BE9D5}.Debug|Any CPU.ActiveCfg = Debug|Any CPU
		{88E695A1-B9D1-48C4-B703-6C2CC90BE9D5}.Debug|Any CPU.Build.0 = Debug|Any CPU
		{88E695A1-B9D1-48C4-B703-6C2CC90BE9D5}.Release|Any CPU.ActiveCfg = Release|Any CPU
		{88E695A1-B9D1-48C4-B703-6C2CC90BE9D5}.Release|Any CPU.Build.0 = Release|Any CPU
		{B64DC8AB-B730-46B0-B480-5EC25A823FD6}.Debug|Any CPU.ActiveCfg = Debug|Any CPU
		{B64DC8AB-B730-46B0-B480-5EC25A823FD6}.Debug|Any CPU.Build.0 = Debug|Any CPU
		{B64DC8AB-B730-46B0-B480-5EC25A823FD6}.Release|Any CPU.ActiveCfg = Release|Any CPU
		{B64DC8AB-B730-46B0-B480-5EC25A823FD6}.Release|Any CPU.Build.0 = Release|Any CPU
		{34CFA25C-6F98-447D-A07D-A3003FC11127}.Debug|Any CPU.ActiveCfg = Debug|Any CPU
		{34CFA25C-6F98-447D-A07D-A3003FC11127}.Debug|Any CPU.Build.0 = Debug|Any CPU
		{34CFA25C-6F98-447D-A07D-A3003FC11127}.Release|Any CPU.ActiveCfg = Release|Any CPU
		{34CFA25C-6F98-447D-A07D-A3003FC11127}.Release|Any CPU.Build.0 = Release|Any CPU
		{F2A72270-70E9-4471-93C8-AB78500E3A93}.Debug|Any CPU.ActiveCfg = Debug|Any CPU
		{F2A72270-70E9-4471-93C8-AB78500E3A93}.Debug|Any CPU.Build.0 = Debug|Any CPU
		{F2A72270-70E9-4471-93C8-AB78500E3A93}.Release|Any CPU.ActiveCfg = Release|Any CPU
		{F2A72270-70E9-4471-93C8-AB78500E3A93}.Release|Any CPU.Build.0 = Release|Any CPU
		{948CE076-59D0-408F-A792-1ABF27959390}.Debug|Any CPU.ActiveCfg = Debug|Any CPU
		{948CE076-59D0-408F-A792-1ABF27959390}.Debug|Any CPU.Build.0 = Debug|Any CPU
		{948CE076-59D0-408F-A792-1ABF27959390}.Release|Any CPU.ActiveCfg = Release|Any CPU
		{948CE076-59D0-408F-A792-1ABF27959390}.Release|Any CPU.Build.0 = Release|Any CPU
		{A9C3A151-FFAB-4F55-9379-69EE5E79FE44}.Debug|Any CPU.ActiveCfg = Debug|Any CPU
		{A9C3A151-FFAB-4F55-9379-69EE5E79FE44}.Debug|Any CPU.Build.0 = Debug|Any CPU
		{A9C3A151-FFAB-4F55-9379-69EE5E79FE44}.Release|Any CPU.ActiveCfg = Release|Any CPU
		{A9C3A151-FFAB-4F55-9379-69EE5E79FE44}.Release|Any CPU.Build.0 = Release|Any CPU
	EndGlobalSection
	GlobalSection(SolutionProperties) = preSolution
		HideSolutionNode = FALSE
	EndGlobalSection
	GlobalSection(ExtensibilityGlobals) = postSolution
		SolutionGuid = {FC194DA3-0A7D-473E-AD7B-C23B9372470B}
	EndGlobalSection
EndGlobal
